
Microsoft Visual Studio Solution File, Format Version 12.00
# Visual Studio 15
VisualStudioVersion = 15.0.27130.2010
MinimumVisualStudioVersion = 10.0.40219.1
Project("{9A19103F-16F7-4668-BE54-9A1E7A4F7556}") = "SciBoard", "VideoOnDemand.UI\SciBoard.csproj", "{3540BFAF-D721-43CC-AE89-739A40C2F925}"
EndProject
Global
	GlobalSection(SolutionConfigurationPlatforms) = preSolution
		Debug|Any CPU = Debug|Any CPU
		Release|Any CPU = Release|Any CPU
	EndGlobalSection
	GlobalSection(ProjectConfigurationPlatforms) = postSolution
		{3540BFAF-D721-43CC-AE89-739A40C2F925}.Debug|Any CPU.ActiveCfg = Debug|Any CPU
		{3540BFAF-D721-43CC-AE89-739A40C2F925}.Debug|Any CPU.Build.0 = Debug|Any CPU
		{3540BFAF-D721-43CC-AE89-739A40C2F925}.Release|Any CPU.ActiveCfg = Release|Any CPU
		{3540BFAF-D721-43CC-AE89-739A40C2F925}.Release|Any CPU.Build.0 = Release|Any CPU
	EndGlobalSection
	GlobalSection(SolutionProperties) = preSolution
		HideSolutionNode = FALSE
	EndGlobalSection
	GlobalSection(ExtensibilityGlobals) = postSolution
		SolutionGuid = {05DB4CC2-3296-4094-8641-55A2E7BA462F}
	EndGlobalSection
EndGlobal
